
Microsoft Visual Studio Solution File, Format Version 12.00
# Visual Studio Version 17
VisualStudioVersion = 17.1.32210.238
MinimumVisualStudioVersion = 10.0.40219.1
Project("{FAE04EC0-301F-11D3-BF4B-00C04F79EFBC}") = "TypelistFormatter", "TypelistFormatter\TypelistFormatter.csproj", "{FA4057DC-3050-490A-8E2D-6461CA23A8FC}"
EndProject
Global
	GlobalSection(SolutionConfigurationPlatforms) = preSolution
		Debug|Any CPU = Debug|Any CPU
		Release|Any CPU = Release|Any CPU
	EndGlobalSection
	GlobalSection(ProjectConfigurationPlatforms) = postSolution
		{FA4057DC-3050-490A-8E2D-6461CA23A8FC}.Debug|Any CPU.ActiveCfg = Debug|Any CPU
		{FA4057DC-3050-490A-8E2D-6461CA23A8FC}.Debug|Any CPU.Build.0 = Debug|Any CPU
		{FA4057DC-3050-490A-8E2D-6461CA23A8FC}.Release|Any CPU.ActiveCfg = Release|Any CPU
		{FA4057DC-3050-490A-8E2D-6461CA23A8FC}.Release|Any CPU.Build.0 = Release|Any CPU
	EndGlobalSection
	GlobalSection(SolutionProperties) = preSolution
		HideSolutionNode = FALSE
	EndGlobalSection
	GlobalSection(ExtensibilityGlobals) = postSolution
		SolutionGuid = {C1866458-B141-46D7-899D-87ECB371CF6E}
	EndGlobalSection
EndGlobal
